// !$*UTF8*$!
{
	archiveVersion = 1;
	classes = {
	};
	objectVersion = 46;
	objects = {

/* Begin PBXBuildFile section */
		EABAE1F21851962E00CB70EE /* Foundation.framework in Frameworks */ = {isa = PBXBuildFile; fileRef = EABAE1F11851962E00CB70EE /* Foundation.framework */; };
		EABAE1F41851962E00CB70EE /* CoreGraphics.framework in Frameworks */ = {isa = PBXBuildFile; fileRef = EABAE1F31851962E00CB70EE /* CoreGraphics.framework */; };
		EABAE1F61851962E00CB70EE /* UIKit.framework in Frameworks */ = {isa = PBXBuildFile; fileRef = EABAE1F51851962E00CB70EE /* UIKit.framework */; };
		EABAE1FC1851962E00CB70EE /* InfoPlist.strings in Resources */ = {isa = PBXBuildFile; fileRef = EABAE1FA1851962E00CB70EE /* InfoPlist.strings */; };
		EABAE1FE1851962E00CB70EE /* main.m in Sources */ = {isa = PBXBuildFile; fileRef = EABAE1FD1851962E00CB70EE /* main.m */; };
		EABAE2021851962E00CB70EE /* AppDelegate.m in Sources */ = {isa = PBXBuildFile; fileRef = EABAE2011851962E00CB70EE /* AppDelegate.m */; };
		EABAE2041851962E00CB70EE /* Images.xcassets in Resources */ = {isa = PBXBuildFile; fileRef = EABAE2031851962E00CB70EE /* Images.xcassets */; };
		EABAE20B1851962F00CB70EE /* XCTest.framework in Frameworks */ = {isa = PBXBuildFile; fileRef = EABAE20A1851962F00CB70EE /* XCTest.framework */; };
		EABAE20C1851962F00CB70EE /* Foundation.framework in Frameworks */ = {isa = PBXBuildFile; fileRef = EABAE1F11851962E00CB70EE /* Foundation.framework */; };
		EABAE20D1851962F00CB70EE /* UIKit.framework in Frameworks */ = {isa = PBXBuildFile; fileRef = EABAE1F51851962E00CB70EE /* UIKit.framework */; };
		EABAE2151851962F00CB70EE /* InfoPlist.strings in Resources */ = {isa = PBXBuildFile; fileRef = EABAE2131851962F00CB70EE /* InfoPlist.strings */; };
		EABAE2171851962F00CB70EE /* OpenGLTests.m in Sources */ = {isa = PBXBuildFile; fileRef = EABAE2161851962F00CB70EE /* OpenGLTests.m */; };
/* End PBXBuildFile section */

/* Begin PBXContainerItemProxy section */
		EABAE20E1851962F00CB70EE /* PBXContainerItemProxy */ = {
			isa = PBXContainerItemProxy;
			containerPortal = EABAE1E61851962E00CB70EE /* Project object */;
			proxyType = 1;
			remoteGlobalIDString = EABAE1ED1851962E00CB70EE;
			remoteInfo = OpenGL;
		};
/* End PBXContainerItemProxy section */

/* Begin PBXFileReference section */
		EABAE1EE1851962E00CB70EE /* OpenGL.app */ = {isa = PBXFileReference; explicitFileType = wrapper.application; includeInIndex = 0; path = OpenGL.app; sourceTree = BUILT_PRODUCTS_DIR; };
		EABAE1F11851962E00CB70EE /* Foundation.framework */ = {isa = PBXFileReference; lastKnownFileType = wrapper.framework; name = Foundation.framework; path = System/Library/Frameworks/Foundation.framework; sourceTree = SDKROOT; };
		EABAE1F31851962E00CB70EE /* CoreGraphics.framework */ = {isa = PBXFileReference; lastKnownFileType = wrapper.framework; name = CoreGraphics.framework; path = System/Library/Frameworks/CoreGraphics.framework; sourceTree = SDKROOT; };
		EABAE1F51851962E00CB70EE /* UIKit.framework */ = {isa = PBXFileReference; lastKnownFileType = wrapper.framework; name = UIKit.framework; path = System/Library/Frameworks/UIKit.framework; sourceTree = SDKROOT; };
		EABAE1F91851962E00CB70EE /* OpenGL-Info.plist */ = {isa = PBXFileReference; lastKnownFileType = text.plist.xml; path = "OpenGL-Info.plist"; sourceTree = "<group>"; };
		EABAE1FB1851962E00CB70EE /* en */ = {isa = PBXFileReference; lastKnownFileType = text.plist.strings; name = en; path = en.lproj/InfoPlist.strings; sourceTree = "<group>"; };
		EABAE1FD1851962E00CB70EE /* main.m */ = {isa = PBXFileReference; lastKnownFileType = sourcecode.c.objc; path = main.m; sourceTree = "<group>"; };
		EABAE1FF1851962E00CB70EE /* OpenGL-Prefix.pch */ = {isa = PBXFileReference; lastKnownFileType = sourcecode.c.h; path = "OpenGL-Prefix.pch"; sourceTree = "<group>"; };
		EABAE2001851962E00CB70EE /* AppDelegate.h */ = {isa = PBXFileReference; lastKnownFileType = sourcecode.c.h; path = AppDelegate.h; sourceTree = "<group>"; };
		EABAE2011851962E00CB70EE /* AppDelegate.m */ = {isa = PBXFileReference; lastKnownFileType = sourcecode.c.objc; path = AppDelegate.m; sourceTree = "<group>"; };
		EABAE2031851962E00CB70EE /* Images.xcassets */ = {isa = PBXFileReference; lastKnownFileType = folder.assetcatalog; path = Images.xcassets; sourceTree = "<group>"; };
		EABAE2091851962F00CB70EE /* OpenGLTests.xctest */ = {isa = PBXFileReference; explicitFileType = wrapper.cfbundle; includeInIndex = 0; path = OpenGLTests.xctest; sourceTree = BUILT_PRODUCTS_DIR; };
		EABAE20A1851962F00CB70EE /* XCTest.framework */ = {isa = PBXFileReference; lastKnownFileType = wrapper.framework; name = XCTest.framework; path = Library/Frameworks/XCTest.framework; sourceTree = DEVELOPER_DIR; };
		EABAE2121851962F00CB70EE /* OpenGLTests-Info.plist */ = {isa = PBXFileReference; lastKnownFileType = text.plist.xml; path = "OpenGLTests-Info.plist"; sourceTree = "<group>"; };
		EABAE2141851962F00CB70EE /* en */ = {isa = PBXFileReference; lastKnownFileType = text.plist.strings; name = en; path = en.lproj/InfoPlist.strings; sourceTree = "<group>"; };
		EABAE2161851962F00CB70EE /* OpenGLTests.m */ = {isa = PBXFileReference; lastKnownFileType = sourcecode.c.objc; path = OpenGLTests.m; sourceTree = "<group>"; };
/* End PBXFileReference section */

/* Begin PBXFrameworksBuildPhase section */
		EABAE1EB1851962E00CB70EE /* Frameworks */ = {
			isa = PBXFrameworksBuildPhase;
			buildActionMask = 2147483647;
			files = (
				EABAE1F41851962E00CB70EE /* CoreGraphics.framework in Frameworks */,
				EABAE1F61851962E00CB70EE /* UIKit.framework in Frameworks */,
				EABAE1F21851962E00CB70EE /* Foundation.framework in Frameworks */,
			);
			runOnlyForDeploymentPostprocessing = 0;
		};
		EABAE2061851962F00CB70EE /* Frameworks */ = {
			isa = PBXFrameworksBuildPhase;
			buildActionMask = 2147483647;
			files = (
				EABAE20B1851962F00CB70EE /* XCTest.framework in Frameworks */,
				EABAE20D1851962F00CB70EE /* UIKit.framework in Frameworks */,
				EABAE20C1851962F00CB70EE /* Foundation.framework in Frameworks */,
			);
			runOnlyForDeploymentPostprocessing = 0;
		};
/* End PBXFrameworksBuildPhase section */

/* Begin PBXGroup section */
		EABAE1E51851962E00CB70EE = {
			isa = PBXGroup;
			children = (
				EABAE1F71851962E00CB70EE /* OpenGL */,
				EABAE2101851962F00CB70EE /* OpenGLTests */,
				EABAE1F01851962E00CB70EE /* Frameworks */,
				EABAE1EF1851962E00CB70EE /* Products */,
			);
			sourceTree = "<group>";
		};
		EABAE1EF1851962E00CB70EE /* Products */ = {
			isa = PBXGroup;
			children = (
				EABAE1EE1851962E00CB70EE /* OpenGL.app */,
				EABAE2091851962F00CB70EE /* OpenGLTests.xctest */,
			);
			name = Products;
			sourceTree = "<group>";
		};
		EABAE1F01851962E00CB70EE /* Frameworks */ = {
			isa = PBXGroup;
			children = (
				EABAE1F11851962E00CB70EE /* Foundation.framework */,
				EABAE1F31851962E00CB70EE /* CoreGraphics.framework */,
				EABAE1F51851962E00CB70EE /* UIKit.framework */,
				EABAE20A1851962F00CB70EE /* XCTest.framework */,
			);
			name = Frameworks;
			sourceTree = "<group>";
		};
		EABAE1F71851962E00CB70EE /* OpenGL */ = {
			isa = PBXGroup;
			children = (
				EABAE2001851962E00CB70EE /* AppDelegate.h */,
				EABAE2011851962E00CB70EE /* AppDelegate.m */,
				EABAE2031851962E00CB70EE /* Images.xcassets */,
				EABAE1F81851962E00CB70EE /* Supporting Files */,
			);
			path = OpenGL;
			sourceTree = "<group>";
		};
		EABAE1F81851962E00CB70EE /* Supporting Files */ = {
			isa = PBXGroup;
			children = (
				EABAE1F91851962E00CB70EE /* OpenGL-Info.plist */,
				EABAE1FA1851962E00CB70EE /* InfoPlist.strings */,
				EABAE1FD1851962E00CB70EE /* main.m */,
				EABAE1FF1851962E00CB70EE /* OpenGL-Prefix.pch */,
			);
			name = "Supporting Files";
			sourceTree = "<group>";
		};
		EABAE2101851962F00CB70EE /* OpenGLTests */ = {
			isa = PBXGroup;
			children = (
				EABAE2161851962F00CB70EE /* OpenGLTests.m */,
				EABAE2111851962F00CB70EE /* Supporting Files */,
			);
			path = OpenGLTests;
			sourceTree = "<group>";
		};
		EABAE2111851962F00CB70EE /* Supporting Files */ = {
			isa = PBXGroup;
			children = (
				EABAE2121851962F00CB70EE /* OpenGLTests-Info.plist */,
				EABAE2131851962F00CB70EE /* InfoPlist.strings */,
			);
			name = "Supporting Files";
			sourceTree = "<group>";
		};
/* End PBXGroup section */

/* Begin PBXNativeTarget section */
		EABAE1ED1851962E00CB70EE /* OpenGL */ = {
			isa = PBXNativeTarget;
			buildConfigurationList = EABAE21A1851962F00CB70EE /* Build configuration list for PBXNativeTarget "OpenGL" */;
			buildPhases = (
				EABAE1EA1851962E00CB70EE /* Sources */,
				EABAE1EB1851962E00CB70EE /* Frameworks */,
				EABAE1EC1851962E00CB70EE /* Resources */,
			);
			buildRules = (
			);
			dependencies = (
			);
			name = OpenGL;
			productName = OpenGL;
			productReference = EABAE1EE1851962E00CB70EE /* OpenGL.app */;
			productType = "com.apple.product-type.application";
		};
		EABAE2081851962F00CB70EE /* OpenGLTests */ = {
			isa = PBXNativeTarget;
			buildConfigurationList = EABAE21D1851962F00CB70EE /* Build configuration list for PBXNativeTarget "OpenGLTests" */;
			buildPhases = (
				EABAE2051851962F00CB70EE /* Sources */,
				EABAE2061851962F00CB70EE /* Frameworks */,
				EABAE2071851962F00CB70EE /* Resources */,
			);
			buildRules = (
			);
			dependencies = (
				EABAE20F1851962F00CB70EE /* PBXTargetDependency */,
			);
			name = OpenGLTests;
			productName = OpenGLTests;
			productReference = EABAE2091851962F00CB70EE /* OpenGLTests.xctest */;
			productType = "com.apple.product-type.bundle.unit-test";
		};
/* End PBXNativeTarget section */

/* Begin PBXProject section */
		EABAE1E61851962E00CB70EE /* Project object */ = {
			isa = PBXProject;
			attributes = {
				LastUpgradeCheck = 0500;
				ORGANIZATIONNAME = sj;
				TargetAttributes = {
					EABAE2081851962F00CB70EE = {
						TestTargetID = EABAE1ED1851962E00CB70EE;
					};
				};
			};
			buildConfigurationList = EABAE1E91851962E00CB70EE /* Build configuration list for PBXProject "OpenGL" */;
			compatibilityVersion = "Xcode 3.2";
			developmentRegion = English;
			hasScannedForEncodings = 0;
			knownRegions = (
				en,
			);
			mainGroup = EABAE1E51851962E00CB70EE;
			productRefGroup = EABAE1EF1851962E00CB70EE /* Products */;
			projectDirPath = "";
			projectRoot = "";
			targets = (
				EABAE1ED1851962E00CB70EE /* OpenGL */,
				EABAE2081851962F00CB70EE /* OpenGLTests */,
			);
		};
/* End PBXProject section */

/* Begin PBXResourcesBuildPhase section */
		EABAE1EC1851962E00CB70EE /* Resources */ = {
			isa = PBXResourcesBuildPhase;
			buildActionMask = 2147483647;
			files = (
				EABAE1FC1851962E00CB70EE /* InfoPlist.strings in Resources */,
				EABAE2041851962E00CB70EE /* Images.xcassets in Resources */,
			);
			runOnlyForDeploymentPostprocessing = 0;
		};
		EABAE2071851962F00CB70EE /* Resources */ = {
			isa = PBXResourcesBuildPhase;
			buildActionMask = 2147483647;
			files = (
				EABAE2151851962F00CB70EE /* InfoPlist.strings in Resources */,
			);
			runOnlyForDeploymentPostprocessing = 0;
		};
/* End PBXResourcesBuildPhase section */

/* Begin PBXSourcesBuildPhase section */
		EABAE1EA1851962E00CB70EE /* Sources */ = {
			isa = PBXSourcesBuildPhase;
			buildActionMask = 2147483647;
			files = (
				EABAE2021851962E00CB70EE /* AppDelegate.m in Sources */,
				EABAE1FE1851962E00CB70EE /* main.m in Sources */,
			);
			runOnlyForDeploymentPostprocessing = 0;
		};
		EABAE2051851962F00CB70EE /* Sources */ = {
			isa = PBXSourcesBuildPhase;
			buildActionMask = 2147483647;
			files = (
				EABAE2171851962F00CB70EE /* OpenGLTests.m in Sources */,
			);
			runOnlyForDeploymentPostprocessing = 0;
		};
/* End PBXSourcesBuildPhase section */

/* Begin PBXTargetDependency section */
		EABAE20F1851962F00CB70EE /* PBXTargetDependency */ = {
			isa = PBXTargetDependency;
			target = EABAE1ED1851962E00CB70EE /* OpenGL */;
			targetProxy = EABAE20E1851962F00CB70EE /* PBXContainerItemProxy */;
		};
/* End PBXTargetDependency section */

/* Begin PBXVariantGroup section */
		EABAE1FA1851962E00CB70EE /* InfoPlist.strings */ = {
			isa = PBXVariantGroup;
			children = (
				EABAE1FB1851962E00CB70EE /* en */,
			);
			name = InfoPlist.strings;
			sourceTree = "<group>";
		};
		EABAE2131851962F00CB70EE /* InfoPlist.strings */ = {
			isa = PBXVariantGroup;
			children = (
				EABAE2141851962F00CB70EE /* en */,
			);
			name = InfoPlist.strings;
			sourceTree = "<group>";
		};
/* End PBXVariantGroup section */

/* Begin XCBuildConfiguration section */
		EABAE2181851962F00CB70EE /* Debug */ = {
			isa = XCBuildConfiguration;
			buildSettings = {
				ALWAYS_SEARCH_USER_PATHS = NO;
				ARCHS = "$(ARCHS_STANDARD_INCLUDING_64_BIT)";
				CLANG_CXX_LANGUAGE_STANDARD = "gnu++0x";
				CLANG_CXX_LIBRARY = "libc++";
				CLANG_ENABLE_MODULES = YES;
				CLANG_ENABLE_OBJC_ARC = YES;
				CLANG_WARN_BOOL_CONVERSION = YES;
				CLANG_WARN_CONSTANT_CONVERSION = YES;
				CLANG_WARN_DIRECT_OBJC_ISA_USAGE = YES_ERROR;
				CLANG_WARN_EMPTY_BODY = YES;
				CLANG_WARN_ENUM_CONVERSION = YES;
				CLANG_WARN_INT_CONVERSION = YES;
				CLANG_WARN_OBJC_ROOT_CLASS = YES_ERROR;
				CLANG_WARN__DUPLICATE_METHOD_MATCH = YES;
				"CODE_SIGN_IDENTITY[sdk=iphoneos*]" = "iPhone Developer";
				COPY_PHASE_STRIP = NO;
				GCC_C_LANGUAGE_STANDARD = gnu99;
				GCC_DYNAMIC_NO_PIC = NO;
				GCC_OPTIMIZATION_LEVEL = 0;
				GCC_PREPROCESSOR_DEFINITIONS = (
					"DEBUG=1",
					"$(inherited)",
				);
				GCC_SYMBOLS_PRIVATE_EXTERN = NO;
				GCC_WARN_64_TO_32_BIT_CONVERSION = YES;
				GCC_WARN_ABOUT_RETURN_TYPE = YES_ERROR;
				GCC_WARN_UNDECLARED_SELECTOR = YES;
				GCC_WARN_UNINITIALIZED_AUTOS = YES;
				GCC_WARN_UNUSED_FUNCTION = YES;
				GCC_WARN_UNUSED_VARIABLE = YES;
				IPHONEOS_DEPLOYMENT_TARGET = 7.0;
				ONLY_ACTIVE_ARCH = YES;
				SDKROOT = iphoneos;
			};
			name = Debug;
		};
		EABAE2191851962F00CB70EE /* Release */ = {
			isa = XCBuildConfiguration;
			buildSettings = {
				ALWAYS_SEARCH_USER_PATHS = NO;
				ARCHS = "$(ARCHS_STANDARD_INCLUDING_64_BIT)";
				CLANG_CXX_LANGUAGE_STANDARD = "gnu++0x";
				CLANG_CXX_LIBRARY = "libc++";
				CLANG_ENABLE_MODULES = YES;
				CLANG_ENABLE_OBJC_ARC = YES;
				CLANG_WARN_BOOL_CONVERSION = YES;
				CLANG_WARN_CONSTANT_CONVERSION = YES;
				CLANG_WARN_DIRECT_OBJC_ISA_USAGE = YES_ERROR;
				CLANG_WARN_EMPTY_BODY = YES;
				CLANG_WARN_ENUM_CONVERSION = YES;
				CLANG_WARN_INT_CONVERSION = YES;
				CLANG_WARN_OBJC_ROOT_CLASS = YES_ERROR;
				CLANG_WARN__DUPLICATE_METHOD_MATCH = YES;
				"CODE_SIGN_IDENTITY[sdk=iphoneos*]" = "iPhone Developer";
				COPY_PHASE_STRIP = YES;
				ENABLE_NS_ASSERTIONS = NO;
				GCC_C_LANGUAGE_STANDARD = gnu99;
				GCC_WARN_64_TO_32_BIT_CONVERSION = YES;
				GCC_WARN_ABOUT_RETURN_TYPE = YES_ERROR;
				GCC_WARN_UNDECLARED_SELECTOR = YES;
				GCC_WARN_UNINITIALIZED_AUTOS = YES;
				GCC_WARN_UNUSED_FUNCTION = YES;
				GCC_WARN_UNUSED_VARIABLE = YES;
				IPHONEOS_DEPLOYMENT_TARGET = 7.0;
				SDKROOT = iphoneos;
				VALIDATE_PRODUCT = YES;
			};
			name = Release;
		};
		EABAE21B1851962F00CB70EE /* Debug */ = {
			isa = XCBuildConfiguration;
			buildSettings = {
				ASSETCATALOG_COMPILER_APPICON_NAME = AppIcon;
				ASSETCATALOG_COMPILER_LAUNCHIMAGE_NAME = LaunchImage;
				GCC_PRECOMPILE_PREFIX_HEADER = YES;
				GCC_PREFIX_HEADER = "OpenGL/OpenGL-Prefix.pch";
				INFOPLIST_FILE = "OpenGL/OpenGL-Info.plist";
				PRODUCT_NAME = "$(TARGET_NAME)";
				WRAPPER_EXTENSION = app;
			};
			name = Debug;
		};
		EABAE21C1851962F00CB70EE /* Release */ = {
			isa = XCBuildConfiguration;
			buildSettings = {
				ASSETCATALOG_COMPILER_APPICON_NAME = AppIcon;
				ASSETCATALOG_COMPILER_LAUNCHIMAGE_NAME = LaunchImage;
				GCC_PRECOMPILE_PREFIX_HEADER = YES;
				GCC_PREFIX_HEADER = "OpenGL/OpenGL-Prefix.pch";
				INFOPLIST_FILE = "OpenGL/OpenGL-Info.plist";
				PRODUCT_NAME = "$(TARGET_NAME)";
				WRAPPER_EXTENSION = app;
			};
			name = Release;
		};
		EABAE21E1851962F00CB70EE /* Debug */ = {
			isa = XCBuildConfiguration;
			buildSettings = {
				ARCHS = "$(ARCHS_STANDARD_INCLUDING_64_BIT)";
				BUNDLE_LOADER = "$(BUILT_PRODUCTS_DIR)/OpenGL.app/OpenGL";
				FRAMEWORK_SEARCH_PATHS = (
					"$(SDKROOT)/Developer/Library/Frameworks",
					"$(inherited)",
					"$(DEVELOPER_FRAMEWORKS_DIR)",
				);
				GCC_PRECOMPILE_PREFIX_HEADER = YES;
				GCC_PREFIX_HEADER = "OpenGL/OpenGL-Prefix.pch";
				GCC_PREPROCESSOR_DEFINITIONS = (
					"DEBUG=1",
					"$(inherited)",
				);
				INFOPLIST_FILE = "OpenGLTests/OpenGLTests-Info.plist";
				PRODUCT_NAME = "$(TARGET_NAME)";
				TEST_HOST = "$(BUNDLE_LOADER)";
				WRAPPER_EXTENSION = xctest;
			};
			name = Debug;
		};
		EABAE21F1851962F00CB70EE /* Release */ = {
			isa = XCBuildConfiguration;
			buildSettings = {
				ARCHS = "$(ARCHS_STANDARD_INCLUDING_64_BIT)";
				BUNDLE_LOADER = "$(BUILT_PRODUCTS_DIR)/OpenGL.app/OpenGL";
				FRAMEWORK_SEARCH_PATHS = (
					"$(SDKROOT)/Developer/Library/Frameworks",
					"$(inherited)",
					"$(DEVELOPER_FRAMEWORKS_DIR)",
				);
				GCC_PRECOMPILE_PREFIX_HEADER = YES;
				GCC_PREFIX_HEADER = "OpenGL/OpenGL-Prefix.pch";
				INFOPLIST_FILE = "OpenGLTests/OpenGLTests-Info.plist";
				PRODUCT_NAME = "$(TARGET_NAME)";
				TEST_HOST = "$(BUNDLE_LOADER)";
				WRAPPER_EXTENSION = xctest;
			};
			name = Release;
		};
/* End XCBuildConfiguration section */

/* Begin XCConfigurationList section */
		EABAE1E91851962E00CB70EE /* Build configuration list for PBXProject "OpenGL" */ = {
			isa = XCConfigurationList;
			buildConfigurations = (
				EABAE2181851962F00CB70EE /* Debug */,
				EABAE2191851962F00CB70EE /* Release */,
			);
			defaultConfigurationIsVisible = 0;
			defaultConfigurationName = Release;
		};
		EABAE21A1851962F00CB70EE /* Build configuration list for PBXNativeTarget "OpenGL" */ = {
			isa = XCConfigurationList;
			buildConfigurations = (
				EABAE21B1851962F00CB70EE /* Debug */,
				EABAE21C1851962F00CB70EE /* Release */,
			);
			defaultConfigurationIsVisible = 0;
		};
		EABAE21D1851962F00CB70EE /* Build configuration list for PBXNativeTarget "OpenGLTests" */ = {
			isa = XCConfigurationList;
			buildConfigurations = (
				EABAE21E1851962F00CB70EE /* Debug */,
				EABAE21F1851962F00CB70EE /* Release */,
			);
			defaultConfigurationIsVisible = 0;
		};
/* End XCConfigurationList section */
	};
	rootObject = EABAE1E61851962E00CB70EE /* Project object */;
}
